// !$*UTF8*$!
{
	archiveVersion = 1;
	classes = {
	};
	objectVersion = 50;
	objects = {

/* Begin PBXBuildFile section */
		380759392785A90900A1AEE6 /* DailyItems+CoreDataClass.swift in Sources */ = {isa = PBXBuildFile; fileRef = 380759372785A90900A1AEE6 /* DailyItems+CoreDataClass.swift */; };
		3807593A2785A90900A1AEE6 /* DailyItems+CoreDataProperties.swift in Sources */ = {isa = PBXBuildFile; fileRef = 380759382785A90900A1AEE6 /* DailyItems+CoreDataProperties.swift */; };
		380ADEDA2779F5B300B97EB9 /* Project.swift in Sources */ = {isa = PBXBuildFile; fileRef = 380ADED92779F5B300B97EB9 /* Project.swift */; };
		380ADEDC2779F62A00B97EB9 /* Task.swift in Sources */ = {isa = PBXBuildFile; fileRef = 380ADEDB2779F62A00B97EB9 /* Task.swift */; };
		380ADEDF2779F95000B97EB9 /* ProjectMainViewController.swift in Sources */ = {isa = PBXBuildFile; fileRef = 380ADEDE2779F95000B97EB9 /* ProjectMainViewController.swift */; };
		381CAAAB2781EA8000E8AB00 /* CoreDataStack.swift in Sources */ = {isa = PBXBuildFile; fileRef = 381CAAAA2781EA8000E8AB00 /* CoreDataStack.swift */; };
		381CAACB278207F900E8AB00 /* Project+CoreDataClass.swift in Sources */ = {isa = PBXBuildFile; fileRef = 381CAAC7278207F900E8AB00 /* Project+CoreDataClass.swift */; };
		381CAACC278207F900E8AB00 /* Project+CoreDataProperties.swift in Sources */ = {isa = PBXBuildFile; fileRef = 381CAAC8278207F900E8AB00 /* Project+CoreDataProperties.swift */; };
		381CAACD278207F900E8AB00 /* Task+CoreDataClass.swift in Sources */ = {isa = PBXBuildFile; fileRef = 381CAAC9278207F900E8AB00 /* Task+CoreDataClass.swift */; };
		381CAACE278207F900E8AB00 /* Task+CoreDataProperties.swift in Sources */ = {isa = PBXBuildFile; fileRef = 381CAACA278207F900E8AB00 /* Task+CoreDataProperties.swift */; };
		381E8E26278ED0850021FDC6 /* HeaderLabel.swift in Sources */ = {isa = PBXBuildFile; fileRef = 381E8E25278ED0850021FDC6 /* HeaderLabel.swift */; };
		381E8E29278ED7040021FDC6 /* AttachmentsViewController.swift in Sources */ = {isa = PBXBuildFile; fileRef = 381E8E28278ED7040021FDC6 /* AttachmentsViewController.swift */; };
		381E8E2B278ED8B70021FDC6 /* ResizableViewController.swift in Sources */ = {isa = PBXBuildFile; fileRef = 381E8E2A278ED8B70021FDC6 /* ResizableViewController.swift */; };
		381E8E2D278F0B4A0021FDC6 /* PickTimeViewController.swift in Sources */ = {isa = PBXBuildFile; fileRef = 381E8E2C278F0B4A0021FDC6 /* PickTimeViewController.swift */; };
		382C8C1D2787077200BE2B8A /* MenuLabel.swift in Sources */ = {isa = PBXBuildFile; fileRef = 382C8C1C2787077200BE2B8A /* MenuLabel.swift */; };
		383A8AB927888099003EE8F7 /* AddEditCardPropertiesViewCell.swift in Sources */ = {isa = PBXBuildFile; fileRef = 383A8AB827888099003EE8F7 /* AddEditCardPropertiesViewCell.swift */; };
		383A8ABB2788810D003EE8F7 /* RoundedView.swift in Sources */ = {isa = PBXBuildFile; fileRef = 383A8ABA2788810D003EE8F7 /* RoundedView.swift */; };
		383A8ABD27888321003EE8F7 /* AttachmentsCardViewCell.swift in Sources */ = {isa = PBXBuildFile; fileRef = 383A8ABC27888321003EE8F7 /* AttachmentsCardViewCell.swift */; };
		383A8ABF27888381003EE8F7 /* HorizontalAttachmentsController.swift in Sources */ = {isa = PBXBuildFile; fileRef = 383A8ABE27888381003EE8F7 /* HorizontalAttachmentsController.swift */; };
		383A8AC127888408003EE8F7 /* AttachmentsHorizontallViewCell.swift in Sources */ = {isa = PBXBuildFile; fileRef = 383A8AC027888408003EE8F7 /* AttachmentsHorizontallViewCell.swift */; };
		385644552770E8750030B0C8 /* Extensions+UIView.swift in Sources */ = {isa = PBXBuildFile; fileRef = 385644542770E8750030B0C8 /* Extensions+UIView.swift */; };
		385644582770E9D70030B0C8 /* TagUIView.swift in Sources */ = {isa = PBXBuildFile; fileRef = 385644572770E9D70030B0C8 /* TagUIView.swift */; };
		3868B92F276E376200F2B765 /* Model.swift in Sources */ = {isa = PBXBuildFile; fileRef = 3868B92E276E376200F2B765 /* Model.swift */; };
		3868B931276E376C00F2B765 /* Model+Dragging.swift in Sources */ = {isa = PBXBuildFile; fileRef = 3868B930276E376C00F2B765 /* Model+Dragging.swift */; };
		3868B933276E383700F2B765 /* TableViewController+Drag.swift in Sources */ = {isa = PBXBuildFile; fileRef = 3868B932276E383600F2B765 /* TableViewController+Drag.swift */; };
		3868B935276E383C00F2B765 /* TableViewController+Drop.swift in Sources */ = {isa = PBXBuildFile; fileRef = 3868B934276E383C00F2B765 /* TableViewController+Drop.swift */; };
		386F83EA275AAD45004DC280 /* AppDelegate.swift in Sources */ = {isa = PBXBuildFile; fileRef = 386F83E9275AAD45004DC280 /* AppDelegate.swift */; };
		386F83EC275AAD45004DC280 /* SceneDelegate.swift in Sources */ = {isa = PBXBuildFile; fileRef = 386F83EB275AAD45004DC280 /* SceneDelegate.swift */; };
		386F83EE275AAD45004DC280 /* ProjectsListViewController.swift in Sources */ = {isa = PBXBuildFile; fileRef = 386F83ED275AAD45004DC280 /* ProjectsListViewController.swift */; };
		386F83F4275AAD45004DC280 /* EasyDo.xcdatamodeld in Sources */ = {isa = PBXBuildFile; fileRef = 386F83F2275AAD45004DC280 /* EasyDo.xcdatamodeld */; };
		386F83F6275AAD47004DC280 /* Assets.xcassets in Resources */ = {isa = PBXBuildFile; fileRef = 386F83F5275AAD47004DC280 /* Assets.xcassets */; };
		386F83F9275AAD47004DC280 /* LaunchScreen.storyboard in Resources */ = {isa = PBXBuildFile; fileRef = 386F83F7275AAD47004DC280 /* LaunchScreen.storyboard */; };
		387F2EF92790761000FBCB70 /* CardAddTagsViewController.swift in Sources */ = {isa = PBXBuildFile; fileRef = 387F2EF82790761000FBCB70 /* CardAddTagsViewController.swift */; };
		388AF31C278D6A3100C44021 /* CreateProjectVC.swift in Sources */ = {isa = PBXBuildFile; fileRef = 388AF31B278D6A3100C44021 /* CreateProjectVC.swift */; };
		389DABD2278DC00E00A600BF /* BottomSheetModalDissmisalHandler.swift in Sources */ = {isa = PBXBuildFile; fileRef = 389DABD1278DC00E00A600BF /* BottomSheetModalDissmisalHandler.swift */; };
		389DABD5278DC05B00A600BF /* BottomSheetPresentationController.swift in Sources */ = {isa = PBXBuildFile; fileRef = 389DABD4278DC05B00A600BF /* BottomSheetPresentationController.swift */; };
		389DABD7278DC0A200A600BF /* BottomSheetPresentationController+PullBar.swift in Sources */ = {isa = PBXBuildFile; fileRef = 389DABD6278DC0A200A600BF /* BottomSheetPresentationController+PullBar.swift */; };
		389DABD9278DC2FB00A600BF /* CustomTextField.swift in Sources */ = {isa = PBXBuildFile; fileRef = 389DABD8278DC2FB00A600BF /* CustomTextField.swift */; };
		38B20B762779FADC002AD934 /* BaseListController.swift in Sources */ = {isa = PBXBuildFile; fileRef = 38B20B752779FADC002AD934 /* BaseListController.swift */; };
		38B20B7A2779FD1E002AD934 /* ProjectsViewCell.swift in Sources */ = {isa = PBXBuildFile; fileRef = 38B20B792779FD1E002AD934 /* ProjectsViewCell.swift */; };
		38B20B7C2779FF3A002AD934 /* TagsHorizontalViewController.swift in Sources */ = {isa = PBXBuildFile; fileRef = 38B20B7B2779FF3A002AD934 /* TagsHorizontalViewController.swift */; };
		38B20B7E2779FFAA002AD934 /* TasksCollectionViewCell.swift in Sources */ = {isa = PBXBuildFile; fileRef = 38B20B7D2779FFAA002AD934 /* TasksCollectionViewCell.swift */; };
		38DC14A8278D711400E42E76 /* BottomSheetTransitioningDelegate.swift in Sources */ = {isa = PBXBuildFile; fileRef = 38DC14A7278D711400E42E76 /* BottomSheetTransitioningDelegate.swift */; };
		38E992892760F97C00E2D1E6 /* DataTableViewCell.swift in Sources */ = {isa = PBXBuildFile; fileRef = 38E992882760F97C00E2D1E6 /* DataTableViewCell.swift */; };
		38EF6DFC277DF1C700261125 /* TaskViewModel.swift in Sources */ = {isa = PBXBuildFile; fileRef = 38EF6DFB277DF1C700261125 /* TaskViewModel.swift */; };
		38F4175327830BDF00B7EDAB /* AddEditCardViewController.swift in Sources */ = {isa = PBXBuildFile; fileRef = 38F4175227830BDF00B7EDAB /* AddEditCardViewController.swift */; };
		38F6A4CD277A124A004CB65D /* ProjectViewModel.swift in Sources */ = {isa = PBXBuildFile; fileRef = 38F6A4CC277A124A004CB65D /* ProjectViewModel.swift */; };
		38FF9F11278488F100EB9805 /* DayTasksViewController.swift in Sources */ = {isa = PBXBuildFile; fileRef = 38FF9F10278488F100EB9805 /* DayTasksViewController.swift */; };
		38FF9F132784892F00EB9805 /* DayTaskViewCell.swift in Sources */ = {isa = PBXBuildFile; fileRef = 38FF9F122784892F00EB9805 /* DayTaskViewCell.swift */; };
		38FF9F1527848C8B00EB9805 /* Extensions.swift in Sources */ = {isa = PBXBuildFile; fileRef = 38FF9F1427848C8B00EB9805 /* Extensions.swift */; };
/* End PBXBuildFile section */

/* Begin PBXFileReference section */
		380759232785A65600A1AEE6 /* EasyDo v7.xcdatamodel */ = {isa = PBXFileReference; lastKnownFileType = wrapper.xcdatamodel; path = "EasyDo v7.xcdatamodel"; sourceTree = "<group>"; };
		380759282785A6F600A1AEE6 /* EasyDo v8.xcdatamodel */ = {isa = PBXFileReference; lastKnownFileType = wrapper.xcdatamodel; path = "EasyDo v8.xcdatamodel"; sourceTree = "<group>"; };
		380759352785A81700A1AEE6 /* EasyDo v9.xcdatamodel */ = {isa = PBXFileReference; lastKnownFileType = wrapper.xcdatamodel; path = "EasyDo v9.xcdatamodel"; sourceTree = "<group>"; };
		380759362785A8E500A1AEE6 /* EasyDo v10.xcdatamodel */ = {isa = PBXFileReference; lastKnownFileType = wrapper.xcdatamodel; path = "EasyDo v10.xcdatamodel"; sourceTree = "<group>"; };
		380759372785A90900A1AEE6 /* DailyItems+CoreDataClass.swift */ = {isa = PBXFileReference; lastKnownFileType = sourcecode.swift; path = "DailyItems+CoreDataClass.swift"; sourceTree = "<group>"; };
		380759382785A90900A1AEE6 /* DailyItems+CoreDataProperties.swift */ = {isa = PBXFileReference; lastKnownFileType = sourcecode.swift; path = "DailyItems+CoreDataProperties.swift"; sourceTree = "<group>"; };
		380ADED92779F5B300B97EB9 /* Project.swift */ = {isa = PBXFileReference; lastKnownFileType = sourcecode.swift; path = Project.swift; sourceTree = "<group>"; };
		380ADEDB2779F62A00B97EB9 /* Task.swift */ = {isa = PBXFileReference; lastKnownFileType = sourcecode.swift; path = Task.swift; sourceTree = "<group>"; };
		380ADEDE2779F95000B97EB9 /* ProjectMainViewController.swift */ = {isa = PBXFileReference; lastKnownFileType = sourcecode.swift; path = ProjectMainViewController.swift; sourceTree = "<group>"; };
		381CAAAA2781EA8000E8AB00 /* CoreDataStack.swift */ = {isa = PBXFileReference; lastKnownFileType = sourcecode.swift; path = CoreDataStack.swift; sourceTree = "<group>"; };
		381CAAB52781F48D00E8AB00 /* EasyDo v2.xcdatamodel */ = {isa = PBXFileReference; lastKnownFileType = wrapper.xcdatamodel; path = "EasyDo v2.xcdatamodel"; sourceTree = "<group>"; };
		381CAABE278206F500E8AB00 /* EasyDo v3.xcdatamodel */ = {isa = PBXFileReference; lastKnownFileType = wrapper.xcdatamodel; path = "EasyDo v3.xcdatamodel"; sourceTree = "<group>"; };
		381CAAC7278207F900E8AB00 /* Project+CoreDataClass.swift */ = {isa = PBXFileReference; lastKnownFileType = sourcecode.swift; path = "Project+CoreDataClass.swift"; sourceTree = "<group>"; };
		381CAAC8278207F900E8AB00 /* Project+CoreDataProperties.swift */ = {isa = PBXFileReference; lastKnownFileType = sourcecode.swift; path = "Project+CoreDataProperties.swift"; sourceTree = "<group>"; };
		381CAAC9278207F900E8AB00 /* Task+CoreDataClass.swift */ = {isa = PBXFileReference; lastKnownFileType = sourcecode.swift; path = "Task+CoreDataClass.swift"; sourceTree = "<group>"; };
		381CAACA278207F900E8AB00 /* Task+CoreDataProperties.swift */ = {isa = PBXFileReference; lastKnownFileType = sourcecode.swift; path = "Task+CoreDataProperties.swift"; sourceTree = "<group>"; };
		381CAACF27820A1C00E8AB00 /* EasyDo v4.xcdatamodel */ = {isa = PBXFileReference; lastKnownFileType = wrapper.xcdatamodel; path = "EasyDo v4.xcdatamodel"; sourceTree = "<group>"; };
		381CAAD027820A3B00E8AB00 /* EasyDo v5.xcdatamodel */ = {isa = PBXFileReference; lastKnownFileType = wrapper.xcdatamodel; path = "EasyDo v5.xcdatamodel"; sourceTree = "<group>"; };
		381CAAD127820BBE00E8AB00 /* EasyDo v6.xcdatamodel */ = {isa = PBXFileReference; lastKnownFileType = wrapper.xcdatamodel; path = "EasyDo v6.xcdatamodel"; sourceTree = "<group>"; };
		381E8E25278ED0850021FDC6 /* HeaderLabel.swift */ = {isa = PBXFileReference; lastKnownFileType = sourcecode.swift; path = HeaderLabel.swift; sourceTree = "<group>"; };
		381E8E28278ED7040021FDC6 /* AttachmentsViewController.swift */ = {isa = PBXFileReference; lastKnownFileType = sourcecode.swift; path = AttachmentsViewController.swift; sourceTree = "<group>"; };
		381E8E2A278ED8B70021FDC6 /* ResizableViewController.swift */ = {isa = PBXFileReference; lastKnownFileType = sourcecode.swift; path = ResizableViewController.swift; sourceTree = "<group>"; };
		381E8E2C278F0B4A0021FDC6 /* PickTimeViewController.swift */ = {isa = PBXFileReference; lastKnownFileType = sourcecode.swift; path = PickTimeViewController.swift; sourceTree = "<group>"; };
		382C8C1C2787077200BE2B8A /* MenuLabel.swift */ = {isa = PBXFileReference; lastKnownFileType = sourcecode.swift; path = MenuLabel.swift; sourceTree = "<group>"; };
		383A8AB827888099003EE8F7 /* AddEditCardPropertiesViewCell.swift */ = {isa = PBXFileReference; lastKnownFileType = sourcecode.swift; path = AddEditCardPropertiesViewCell.swift; sourceTree = "<group>"; };
		383A8ABA2788810D003EE8F7 /* RoundedView.swift */ = {isa = PBXFileReference; lastKnownFileType = sourcecode.swift; path = RoundedView.swift; sourceTree = "<group>"; };
		383A8ABC27888321003EE8F7 /* AttachmentsCardViewCell.swift */ = {isa = PBXFileReference; lastKnownFileType = sourcecode.swift; path = AttachmentsCardViewCell.swift; sourceTree = "<group>"; };
		383A8ABE27888381003EE8F7 /* HorizontalAttachmentsController.swift */ = {isa = PBXFileReference; lastKnownFileType = sourcecode.swift; path = HorizontalAttachmentsController.swift; sourceTree = "<group>"; };
		383A8AC027888408003EE8F7 /* AttachmentsHorizontallViewCell.swift */ = {isa = PBXFileReference; lastKnownFileType = sourcecode.swift; path = AttachmentsHorizontallViewCell.swift; sourceTree = "<group>"; };
		385644542770E8750030B0C8 /* Extensions+UIView.swift */ = {isa = PBXFileReference; fileEncoding = 4; lastKnownFileType = sourcecode.swift; path = "Extensions+UIView.swift"; sourceTree = "<group>"; };
		385644572770E9D70030B0C8 /* TagUIView.swift */ = {isa = PBXFileReference; lastKnownFileType = sourcecode.swift; path = TagUIView.swift; sourceTree = "<group>"; };
		3868B92E276E376200F2B765 /* Model.swift */ = {isa = PBXFileReference; fileEncoding = 4; lastKnownFileType = sourcecode.swift; path = Model.swift; sourceTree = "<group>"; };
		3868B930276E376C00F2B765 /* Model+Dragging.swift */ = {isa = PBXFileReference; fileEncoding = 4; lastKnownFileType = sourcecode.swift; path = "Model+Dragging.swift"; sourceTree = "<group>"; };
		3868B932276E383600F2B765 /* TableViewController+Drag.swift */ = {isa = PBXFileReference; fileEncoding = 4; lastKnownFileType = sourcecode.swift; path = "TableViewController+Drag.swift"; sourceTree = "<group>"; };
		3868B934276E383C00F2B765 /* TableViewController+Drop.swift */ = {isa = PBXFileReference; fileEncoding = 4; lastKnownFileType = sourcecode.swift; path = "TableViewController+Drop.swift"; sourceTree = "<group>"; };
		386F83E6275AAD45004DC280 /* EasyDo.app */ = {isa = PBXFileReference; explicitFileType = wrapper.application; includeInIndex = 0; path = EasyDo.app; sourceTree = BUILT_PRODUCTS_DIR; };
		386F83E9275AAD45004DC280 /* AppDelegate.swift */ = {isa = PBXFileReference; lastKnownFileType = sourcecode.swift; path = AppDelegate.swift; sourceTree = "<group>"; };
		386F83EB275AAD45004DC280 /* SceneDelegate.swift */ = {isa = PBXFileReference; lastKnownFileType = sourcecode.swift; path = SceneDelegate.swift; sourceTree = "<group>"; };
		386F83ED275AAD45004DC280 /* ProjectsListViewController.swift */ = {isa = PBXFileReference; lastKnownFileType = sourcecode.swift; path = ProjectsListViewController.swift; sourceTree = "<group>"; };
		386F83F3275AAD45004DC280 /* EasyDo.xcdatamodel */ = {isa = PBXFileReference; lastKnownFileType = wrapper.xcdatamodel; path = EasyDo.xcdatamodel; sourceTree = "<group>"; };
		386F83F5275AAD47004DC280 /* Assets.xcassets */ = {isa = PBXFileReference; lastKnownFileType = folder.assetcatalog; path = Assets.xcassets; sourceTree = "<group>"; };
		386F83F8275AAD47004DC280 /* Base */ = {isa = PBXFileReference; lastKnownFileType = file.storyboard; name = Base; path = Base.lproj/LaunchScreen.storyboard; sourceTree = "<group>"; };
		386F83FA275AAD47004DC280 /* Info.plist */ = {isa = PBXFileReference; lastKnownFileType = text.plist.xml; path = Info.plist; sourceTree = "<group>"; };
		387F2EF82790761000FBCB70 /* CardAddTagsViewController.swift */ = {isa = PBXFileReference; lastKnownFileType = sourcecode.swift; path = CardAddTagsViewController.swift; sourceTree = "<group>"; };
		388AF31B278D6A3100C44021 /* CreateProjectVC.swift */ = {isa = PBXFileReference; lastKnownFileType = sourcecode.swift; path = CreateProjectVC.swift; sourceTree = "<group>"; };
		389DABD1278DC00E00A600BF /* BottomSheetModalDissmisalHandler.swift */ = {isa = PBXFileReference; lastKnownFileType = sourcecode.swift; path = BottomSheetModalDissmisalHandler.swift; sourceTree = "<group>"; };
		389DABD4278DC05B00A600BF /* BottomSheetPresentationController.swift */ = {isa = PBXFileReference; lastKnownFileType = sourcecode.swift; path = BottomSheetPresentationController.swift; sourceTree = "<group>"; };
		389DABD6278DC0A200A600BF /* BottomSheetPresentationController+PullBar.swift */ = {isa = PBXFileReference; lastKnownFileType = sourcecode.swift; path = "BottomSheetPresentationController+PullBar.swift"; sourceTree = "<group>"; };
		389DABD8278DC2FB00A600BF /* CustomTextField.swift */ = {isa = PBXFileReference; lastKnownFileType = sourcecode.swift; path = CustomTextField.swift; sourceTree = "<group>"; };
		38B20B752779FADC002AD934 /* BaseListController.swift */ = {isa = PBXFileReference; lastKnownFileType = sourcecode.swift; path = BaseListController.swift; sourceTree = "<group>"; };
		38B20B792779FD1E002AD934 /* ProjectsViewCell.swift */ = {isa = PBXFileReference; lastKnownFileType = sourcecode.swift; path = ProjectsViewCell.swift; sourceTree = "<group>"; };
		38B20B7B2779FF3A002AD934 /* TagsHorizontalViewController.swift */ = {isa = PBXFileReference; lastKnownFileType = sourcecode.swift; path = TagsHorizontalViewController.swift; sourceTree = "<group>"; };
		38B20B7D2779FFAA002AD934 /* TasksCollectionViewCell.swift */ = {isa = PBXFileReference; lastKnownFileType = sourcecode.swift; path = TasksCollectionViewCell.swift; sourceTree = "<group>"; };
		38DC14A7278D711400E42E76 /* BottomSheetTransitioningDelegate.swift */ = {isa = PBXFileReference; lastKnownFileType = sourcecode.swift; path = BottomSheetTransitioningDelegate.swift; sourceTree = "<group>"; };
		38E992882760F97C00E2D1E6 /* DataTableViewCell.swift */ = {isa = PBXFileReference; lastKnownFileType = sourcecode.swift; path = DataTableViewCell.swift; sourceTree = "<group>"; };
		38EF6DFB277DF1C700261125 /* TaskViewModel.swift */ = {isa = PBXFileReference; lastKnownFileType = sourcecode.swift; path = TaskViewModel.swift; sourceTree = "<group>"; };
		38F4175227830BDF00B7EDAB /* AddEditCardViewController.swift */ = {isa = PBXFileReference; lastKnownFileType = sourcecode.swift; path = AddEditCardViewController.swift; sourceTree = "<group>"; };
		38F6A4CC277A124A004CB65D /* ProjectViewModel.swift */ = {isa = PBXFileReference; lastKnownFileType = sourcecode.swift; path = ProjectViewModel.swift; sourceTree = "<group>"; };
		38FF9F10278488F100EB9805 /* DayTasksViewController.swift */ = {isa = PBXFileReference; lastKnownFileType = sourcecode.swift; path = DayTasksViewController.swift; sourceTree = "<group>"; };
		38FF9F122784892F00EB9805 /* DayTaskViewCell.swift */ = {isa = PBXFileReference; lastKnownFileType = sourcecode.swift; path = DayTaskViewCell.swift; sourceTree = "<group>"; };
		38FF9F1427848C8B00EB9805 /* Extensions.swift */ = {isa = PBXFileReference; lastKnownFileType = sourcecode.swift; path = Extensions.swift; sourceTree = "<group>"; };
/* End PBXFileReference section */

/* Begin PBXFrameworksBuildPhase section */
		386F83E3275AAD45004DC280 /* Frameworks */ = {
			isa = PBXFrameworksBuildPhase;
			buildActionMask = 2147483647;
			files = (
			);
			runOnlyForDeploymentPostprocessing = 0;
		};
/* End PBXFrameworksBuildPhase section */

/* Begin PBXGroup section */
		380ADEDD2779F81900B97EB9 /* Dragging */ = {
			isa = PBXGroup;
			children = (
				3868B930276E376C00F2B765 /* Model+Dragging.swift */,
				3868B932276E383600F2B765 /* TableViewController+Drag.swift */,
				3868B934276E383C00F2B765 /* TableViewController+Drop.swift */,
			);
			path = Dragging;
			sourceTree = "<group>";
		};
		381CAAA82781EA6F00E8AB00 /* Helpers */ = {
			isa = PBXGroup;
			children = (
				381CAAAA2781EA8000E8AB00 /* CoreDataStack.swift */,
				38FF9F1427848C8B00EB9805 /* Extensions.swift */,
				383A8ABA2788810D003EE8F7 /* RoundedView.swift */,
			);
			path = Helpers;
			sourceTree = "<group>";
		};
		381CAAB42781EDBA00E8AB00 /* CoreDataClass */ = {
			isa = PBXGroup;
			children = (
			);
			path = CoreDataClass;
			sourceTree = "<group>";
		};
		385644562770E9C10030B0C8 /* Views */ = {
			isa = PBXGroup;
			children = (
				388AF31A278D69DE00C44021 /* Cells */,
				38B20B7D2779FFAA002AD934 /* TasksCollectionViewCell.swift */,
				385644572770E9D70030B0C8 /* TagUIView.swift */,
				382C8C1C2787077200BE2B8A /* MenuLabel.swift */,
				389DABD8278DC2FB00A600BF /* CustomTextField.swift */,
				381E8E25278ED0850021FDC6 /* HeaderLabel.swift */,
			);
			path = Views;
			sourceTree = "<group>";
		};
		386F83DD275AAD45004DC280 = {
			isa = PBXGroup;
			children = (
				380759372785A90900A1AEE6 /* DailyItems+CoreDataClass.swift */,
				380759382785A90900A1AEE6 /* DailyItems+CoreDataProperties.swift */,
				381CAAC7278207F900E8AB00 /* Project+CoreDataClass.swift */,
				381CAAC8278207F900E8AB00 /* Project+CoreDataProperties.swift */,
				381CAAC9278207F900E8AB00 /* Task+CoreDataClass.swift */,
				381CAACA278207F900E8AB00 /* Task+CoreDataProperties.swift */,
				381CAAB42781EDBA00E8AB00 /* CoreDataClass */,
				386F83E8275AAD45004DC280 /* EasyDo */,
				386F83E7275AAD45004DC280 /* Products */,
			);
			sourceTree = "<group>";
		};
		386F83E7275AAD45004DC280 /* Products */ = {
			isa = PBXGroup;
			children = (
				386F83E6275AAD45004DC280 /* EasyDo.app */,
			);
			name = Products;
			sourceTree = "<group>";
		};
		386F83E8275AAD45004DC280 /* EasyDo */ = {
			isa = PBXGroup;
			children = (
				389DABD0278DBFF400A600BF /* BottomSheetHelpers */,
				381CAAA82781EA6F00E8AB00 /* Helpers */,
				38EF6DF8277DE9DA00261125 /* Model */,
				38EEFFA72773B806002FA3DB /* ViewControllers */,
				38EEFFA62773B7FE002FA3DB /* ViewModels */,
				385644562770E9C10030B0C8 /* Views */,
				38EEFFA52773B7D6002FA3DB /* Support files */,
				3868B92E276E376200F2B765 /* Model.swift */,
				380ADEDD2779F81900B97EB9 /* Dragging */,
				385644542770E8750030B0C8 /* Extensions+UIView.swift */,
				386F83FA275AAD47004DC280 /* Info.plist */,
			);
			path = EasyDo;
			sourceTree = "<group>";
		};
		38756E102793027A0079FD11 /* AddCardScreen */ = {
			isa = PBXGroup;
			children = (
				38F4175227830BDF00B7EDAB /* AddEditCardViewController.swift */,
				381E8E28278ED7040021FDC6 /* AttachmentsViewController.swift */,
				381E8E2C278F0B4A0021FDC6 /* PickTimeViewController.swift */,
				387F2EF82790761000FBCB70 /* CardAddTagsViewController.swift */,
			);
			path = AddCardScreen;
			sourceTree = "<group>";
		};
		388AF31A278D69DE00C44021 /* Cells */ = {
			isa = PBXGroup;
			children = (
				38E992882760F97C00E2D1E6 /* DataTableViewCell.swift */,
				38B20B792779FD1E002AD934 /* ProjectsViewCell.swift */,
				38FF9F122784892F00EB9805 /* DayTaskViewCell.swift */,
				383A8AB827888099003EE8F7 /* AddEditCardPropertiesViewCell.swift */,
				383A8ABC27888321003EE8F7 /* AttachmentsCardViewCell.swift */,
				383A8AC027888408003EE8F7 /* AttachmentsHorizontallViewCell.swift */,
			);
			path = Cells;
			sourceTree = "<group>";
		};
		389DABD0278DBFF400A600BF /* BottomSheetHelpers */ = {
			isa = PBXGroup;
			children = (
				389DABD1278DC00E00A600BF /* BottomSheetModalDissmisalHandler.swift */,
				389DABD4278DC05B00A600BF /* BottomSheetPresentationController.swift */,
				389DABD6278DC0A200A600BF /* BottomSheetPresentationController+PullBar.swift */,
				38DC14A7278D711400E42E76 /* BottomSheetTransitioningDelegate.swift */,
			);
			path = BottomSheetHelpers;
			sourceTree = "<group>";
		};
		38EEFFA52773B7D6002FA3DB /* Support files */ = {
			isa = PBXGroup;
			children = (
				386F83F7275AAD47004DC280 /* LaunchScreen.storyboard */,
				386F83E9275AAD45004DC280 /* AppDelegate.swift */,
				386F83EB275AAD45004DC280 /* SceneDelegate.swift */,
				386F83F5275AAD47004DC280 /* Assets.xcassets */,
				386F83F2275AAD45004DC280 /* EasyDo.xcdatamodeld */,
			);
			path = "Support files";
			sourceTree = "<group>";
		};
		38EEFFA62773B7FE002FA3DB /* ViewModels */ = {
			isa = PBXGroup;
			children = (
				38F6A4CC277A124A004CB65D /* ProjectViewModel.swift */,
				38EF6DFB277DF1C700261125 /* TaskViewModel.swift */,
			);
			path = ViewModels;
			sourceTree = "<group>";
		};
		38EEFFA72773B806002FA3DB /* ViewControllers */ = {
			isa = PBXGroup;
			children = (
				38756E102793027A0079FD11 /* AddCardScreen */,
				386F83ED275AAD45004DC280 /* ProjectsListViewController.swift */,
				380ADEDE2779F95000B97EB9 /* ProjectMainViewController.swift */,
				38B20B752779FADC002AD934 /* BaseListController.swift */,
				38B20B7B2779FF3A002AD934 /* TagsHorizontalViewController.swift */,
				38FF9F10278488F100EB9805 /* DayTasksViewController.swift */,
				383A8ABE27888381003EE8F7 /* HorizontalAttachmentsController.swift */,
				388AF31B278D6A3100C44021 /* CreateProjectVC.swift */,
				381E8E2A278ED8B70021FDC6 /* ResizableViewController.swift */,
			);
			path = ViewControllers;
			sourceTree = "<group>";
		};
		38EF6DF8277DE9DA00261125 /* Model */ = {
			isa = PBXGroup;
			children = (
				380ADED92779F5B300B97EB9 /* Project.swift */,
				380ADEDB2779F62A00B97EB9 /* Task.swift */,
			);
			path = Model;
			sourceTree = "<group>";
		};
/* End PBXGroup section */

/* Begin PBXNativeTarget section */
		386F83E5275AAD45004DC280 /* EasyDo */ = {
			isa = PBXNativeTarget;
			buildConfigurationList = 386F83FD275AAD47004DC280 /* Build configuration list for PBXNativeTarget "EasyDo" */;
			buildPhases = (
				386F83E2275AAD45004DC280 /* Sources */,
				386F83E3275AAD45004DC280 /* Frameworks */,
				386F83E4275AAD45004DC280 /* Resources */,
			);
			buildRules = (
			);
			dependencies = (
			);
			name = EasyDo;
			productName = EasyDo;
			productReference = 386F83E6275AAD45004DC280 /* EasyDo.app */;
			productType = "com.apple.product-type.application";
		};
/* End PBXNativeTarget section */

/* Begin PBXProject section */
		386F83DE275AAD45004DC280 /* Project object */ = {
			isa = PBXProject;
			attributes = {
				LastSwiftUpdateCheck = 1250;
				LastUpgradeCheck = 1250;
				TargetAttributes = {
					386F83E5275AAD45004DC280 = {
						CreatedOnToolsVersion = 12.5.1;
					};
				};
			};
			buildConfigurationList = 386F83E1275AAD45004DC280 /* Build configuration list for PBXProject "EasyDo" */;
			compatibilityVersion = "Xcode 9.3";
			developmentRegion = en;
			hasScannedForEncodings = 0;
			knownRegions = (
				en,
				Base,
			);
			mainGroup = 386F83DD275AAD45004DC280;
			productRefGroup = 386F83E7275AAD45004DC280 /* Products */;
			projectDirPath = "";
			projectRoot = "";
			targets = (
				386F83E5275AAD45004DC280 /* EasyDo */,
			);
		};
/* End PBXProject section */

/* Begin PBXResourcesBuildPhase section */
		386F83E4275AAD45004DC280 /* Resources */ = {
			isa = PBXResourcesBuildPhase;
			buildActionMask = 2147483647;
			files = (
				386F83F9275AAD47004DC280 /* LaunchScreen.storyboard in Resources */,
				386F83F6275AAD47004DC280 /* Assets.xcassets in Resources */,
			);
			runOnlyForDeploymentPostprocessing = 0;
		};
/* End PBXResourcesBuildPhase section */

/* Begin PBXSourcesBuildPhase section */
		386F83E2275AAD45004DC280 /* Sources */ = {
			isa = PBXSourcesBuildPhase;
			buildActionMask = 2147483647;
			files = (
				3868B935276E383C00F2B765 /* TableViewController+Drop.swift in Sources */,
				38EF6DFC277DF1C700261125 /* TaskViewModel.swift in Sources */,
				3868B92F276E376200F2B765 /* Model.swift in Sources */,
				381E8E2D278F0B4A0021FDC6 /* PickTimeViewController.swift in Sources */,
				3868B933276E383700F2B765 /* TableViewController+Drag.swift in Sources */,
				386F83F4275AAD45004DC280 /* EasyDo.xcdatamodeld in Sources */,
				385644552770E8750030B0C8 /* Extensions+UIView.swift in Sources */,
				38B20B762779FADC002AD934 /* BaseListController.swift in Sources */,
				38FF9F1527848C8B00EB9805 /* Extensions.swift in Sources */,
				38B20B7A2779FD1E002AD934 /* ProjectsViewCell.swift in Sources */,
				386F83EE275AAD45004DC280 /* ProjectsListViewController.swift in Sources */,
				381CAACB278207F900E8AB00 /* Project+CoreDataClass.swift in Sources */,
				381CAACD278207F900E8AB00 /* Task+CoreDataClass.swift in Sources */,
				388AF31C278D6A3100C44021 /* CreateProjectVC.swift in Sources */,
				38B20B7C2779FF3A002AD934 /* TagsHorizontalViewController.swift in Sources */,
				389DABD5278DC05B00A600BF /* BottomSheetPresentationController.swift in Sources */,
				381E8E29278ED7040021FDC6 /* AttachmentsViewController.swift in Sources */,
				383A8AB927888099003EE8F7 /* AddEditCardPropertiesViewCell.swift in Sources */,
				389DABD9278DC2FB00A600BF /* CustomTextField.swift in Sources */,
				38E992892760F97C00E2D1E6 /* DataTableViewCell.swift in Sources */,
				38FF9F11278488F100EB9805 /* DayTasksViewController.swift in Sources */,
				381CAACE278207F900E8AB00 /* Task+CoreDataProperties.swift in Sources */,
				380759392785A90900A1AEE6 /* DailyItems+CoreDataClass.swift in Sources */,
				383A8ABF27888381003EE8F7 /* HorizontalAttachmentsController.swift in Sources */,
				381CAACC278207F900E8AB00 /* Project+CoreDataProperties.swift in Sources */,
				38FF9F132784892F00EB9805 /* DayTaskViewCell.swift in Sources */,
				386F83EA275AAD45004DC280 /* AppDelegate.swift in Sources */,
				387F2EF92790761000FBCB70 /* CardAddTagsViewController.swift in Sources */,
				380ADEDC2779F62A00B97EB9 /* Task.swift in Sources */,
				38F4175327830BDF00B7EDAB /* AddEditCardViewController.swift in Sources */,
				383A8AC127888408003EE8F7 /* AttachmentsHorizontallViewCell.swift in Sources */,
				3807593A2785A90900A1AEE6 /* DailyItems+CoreDataProperties.swift in Sources */,
				381E8E26278ED0850021FDC6 /* HeaderLabel.swift in Sources */,
				389DABD2278DC00E00A600BF /* BottomSheetModalDissmisalHandler.swift in Sources */,
				3868B931276E376C00F2B765 /* Model+Dragging.swift in Sources */,
				385644582770E9D70030B0C8 /* TagUIView.swift in Sources */,
				386F83EC275AAD45004DC280 /* SceneDelegate.swift in Sources */,
				381CAAAB2781EA8000E8AB00 /* CoreDataStack.swift in Sources */,
				383A8ABD27888321003EE8F7 /* AttachmentsCardViewCell.swift in Sources */,
				383A8ABB2788810D003EE8F7 /* RoundedView.swift in Sources */,
				38F6A4CD277A124A004CB65D /* ProjectViewModel.swift in Sources */,
				38DC14A8278D711400E42E76 /* BottomSheetTransitioningDelegate.swift in Sources */,
				389DABD7278DC0A200A600BF /* BottomSheetPresentationController+PullBar.swift in Sources */,
				380ADEDF2779F95000B97EB9 /* ProjectMainViewController.swift in Sources */,
				381E8E2B278ED8B70021FDC6 /* ResizableViewController.swift in Sources */,
				380ADEDA2779F5B300B97EB9 /* Project.swift in Sources */,
				38B20B7E2779FFAA002AD934 /* TasksCollectionViewCell.swift in Sources */,
				382C8C1D2787077200BE2B8A /* MenuLabel.swift in Sources */,
			);
			runOnlyForDeploymentPostprocessing = 0;
		};
/* End PBXSourcesBuildPhase section */

/* Begin PBXVariantGroup section */
		386F83F7275AAD47004DC280 /* LaunchScreen.storyboard */ = {
			isa = PBXVariantGroup;
			children = (
				386F83F8275AAD47004DC280 /* Base */,
			);
			name = LaunchScreen.storyboard;
			sourceTree = "<group>";
		};
/* End PBXVariantGroup section */

/* Begin XCBuildConfiguration section */
		386F83FB275AAD47004DC280 /* Debug */ = {
			isa = XCBuildConfiguration;
			buildSettings = {
				ALWAYS_SEARCH_USER_PATHS = NO;
				CLANG_ANALYZER_NONNULL = YES;
				CLANG_ANALYZER_NUMBER_OBJECT_CONVERSION = YES_AGGRESSIVE;
				CLANG_CXX_LANGUAGE_STANDARD = "gnu++14";
				CLANG_CXX_LIBRARY = "libc++";
				CLANG_ENABLE_MODULES = YES;
				CLANG_ENABLE_OBJC_ARC = YES;
				CLANG_ENABLE_OBJC_WEAK = YES;
				CLANG_WARN_BLOCK_CAPTURE_AUTORELEASING = YES;
				CLANG_WARN_BOOL_CONVERSION = YES;
				CLANG_WARN_COMMA = YES;
				CLANG_WARN_CONSTANT_CONVERSION = YES;
				CLANG_WARN_DEPRECATED_OBJC_IMPLEMENTATIONS = YES;
				CLANG_WARN_DIRECT_OBJC_ISA_USAGE = YES_ERROR;
				CLANG_WARN_DOCUMENTATION_COMMENTS = YES;
				CLANG_WARN_EMPTY_BODY = YES;
				CLANG_WARN_ENUM_CONVERSION = YES;
				CLANG_WARN_INFINITE_RECURSION = YES;
				CLANG_WARN_INT_CONVERSION = YES;
				CLANG_WARN_NON_LITERAL_NULL_CONVERSION = YES;
				CLANG_WARN_OBJC_IMPLICIT_RETAIN_SELF = YES;
				CLANG_WARN_OBJC_LITERAL_CONVERSION = YES;
				CLANG_WARN_OBJC_ROOT_CLASS = YES_ERROR;
				CLANG_WARN_QUOTED_INCLUDE_IN_FRAMEWORK_HEADER = YES;
				CLANG_WARN_RANGE_LOOP_ANALYSIS = YES;
				CLANG_WARN_STRICT_PROTOTYPES = YES;
				CLANG_WARN_SUSPICIOUS_MOVE = YES;
				CLANG_WARN_UNGUARDED_AVAILABILITY = YES_AGGRESSIVE;
				CLANG_WARN_UNREACHABLE_CODE = YES;
				CLANG_WARN__DUPLICATE_METHOD_MATCH = YES;
				COPY_PHASE_STRIP = NO;
				DEBUG_INFORMATION_FORMAT = dwarf;
				ENABLE_STRICT_OBJC_MSGSEND = YES;
				ENABLE_TESTABILITY = YES;
				GCC_C_LANGUAGE_STANDARD = gnu11;
				GCC_DYNAMIC_NO_PIC = NO;
				GCC_NO_COMMON_BLOCKS = YES;
				GCC_OPTIMIZATION_LEVEL = 0;
				GCC_PREPROCESSOR_DEFINITIONS = (
					"DEBUG=1",
					"$(inherited)",
				);
				GCC_WARN_64_TO_32_BIT_CONVERSION = YES;
				GCC_WARN_ABOUT_RETURN_TYPE = YES_ERROR;
				GCC_WARN_UNDECLARED_SELECTOR = YES;
				GCC_WARN_UNINITIALIZED_AUTOS = YES_AGGRESSIVE;
				GCC_WARN_UNUSED_FUNCTION = YES;
				GCC_WARN_UNUSED_VARIABLE = YES;
				IPHONEOS_DEPLOYMENT_TARGET = 14.2;
				MTL_ENABLE_DEBUG_INFO = INCLUDE_SOURCE;
				MTL_FAST_MATH = YES;
				ONLY_ACTIVE_ARCH = YES;
				SDKROOT = iphoneos;
				SWIFT_ACTIVE_COMPILATION_CONDITIONS = DEBUG;
				SWIFT_OPTIMIZATION_LEVEL = "-Onone";
			};
			name = Debug;
		};
		386F83FC275AAD47004DC280 /* Release */ = {
			isa = XCBuildConfiguration;
			buildSettings = {
				ALWAYS_SEARCH_USER_PATHS = NO;
				CLANG_ANALYZER_NONNULL = YES;
				CLANG_ANALYZER_NUMBER_OBJECT_CONVERSION = YES_AGGRESSIVE;
				CLANG_CXX_LANGUAGE_STANDARD = "gnu++14";
				CLANG_CXX_LIBRARY = "libc++";
				CLANG_ENABLE_MODULES = YES;
				CLANG_ENABLE_OBJC_ARC = YES;
				CLANG_ENABLE_OBJC_WEAK = YES;
				CLANG_WARN_BLOCK_CAPTURE_AUTORELEASING = YES;
				CLANG_WARN_BOOL_CONVERSION = YES;
				CLANG_WARN_COMMA = YES;
				CLANG_WARN_CONSTANT_CONVERSION = YES;
				CLANG_WARN_DEPRECATED_OBJC_IMPLEMENTATIONS = YES;
				CLANG_WARN_DIRECT_OBJC_ISA_USAGE = YES_ERROR;
				CLANG_WARN_DOCUMENTATION_COMMENTS = YES;
				CLANG_WARN_EMPTY_BODY = YES;
				CLANG_WARN_ENUM_CONVERSION = YES;
				CLANG_WARN_INFINITE_RECURSION = YES;
				CLANG_WARN_INT_CONVERSION = YES;
				CLANG_WARN_NON_LITERAL_NULL_CONVERSION = YES;
				CLANG_WARN_OBJC_IMPLICIT_RETAIN_SELF = YES;
				CLANG_WARN_OBJC_LITERAL_CONVERSION = YES;
				CLANG_WARN_OBJC_ROOT_CLASS = YES_ERROR;
				CLANG_WARN_QUOTED_INCLUDE_IN_FRAMEWORK_HEADER = YES;
				CLANG_WARN_RANGE_LOOP_ANALYSIS = YES;
				CLANG_WARN_STRICT_PROTOTYPES = YES;
				CLANG_WARN_SUSPICIOUS_MOVE = YES;
				CLANG_WARN_UNGUARDED_AVAILABILITY = YES_AGGRESSIVE;
				CLANG_WARN_UNREACHABLE_CODE = YES;
				CLANG_WARN__DUPLICATE_METHOD_MATCH = YES;
				COPY_PHASE_STRIP = NO;
				DEBUG_INFORMATION_FORMAT = "dwarf-with-dsym";
				ENABLE_NS_ASSERTIONS = NO;
				ENABLE_STRICT_OBJC_MSGSEND = YES;
				GCC_C_LANGUAGE_STANDARD = gnu11;
				GCC_NO_COMMON_BLOCKS = YES;
				GCC_WARN_64_TO_32_BIT_CONVERSION = YES;
				GCC_WARN_ABOUT_RETURN_TYPE = YES_ERROR;
				GCC_WARN_UNDECLARED_SELECTOR = YES;
				GCC_WARN_UNINITIALIZED_AUTOS = YES_AGGRESSIVE;
				GCC_WARN_UNUSED_FUNCTION = YES;
				GCC_WARN_UNUSED_VARIABLE = YES;
				IPHONEOS_DEPLOYMENT_TARGET = 14.2;
				MTL_ENABLE_DEBUG_INFO = NO;
				MTL_FAST_MATH = YES;
				SDKROOT = iphoneos;
				SWIFT_COMPILATION_MODE = wholemodule;
				SWIFT_OPTIMIZATION_LEVEL = "-O";
				VALIDATE_PRODUCT = YES;
			};
			name = Release;
		};
		386F83FE275AAD47004DC280 /* Debug */ = {
			isa = XCBuildConfiguration;
			buildSettings = {
				ASSETCATALOG_COMPILER_APPICON_NAME = AppIcon;
				ASSETCATALOG_COMPILER_GLOBAL_ACCENT_COLOR_NAME = AccentColor;
				ASSETCATALOG_COMPILER_INCLUDE_ALL_APPICON_ASSETS = YES;
				CODE_SIGN_STYLE = Automatic;
				DEVELOPMENT_TEAM = WSCHZVTX6D;
				INFOPLIST_FILE = EasyDo/Info.plist;
				IPHONEOS_DEPLOYMENT_TARGET = 14.2;
				LD_RUNPATH_SEARCH_PATHS = (
					"$(inherited)",
					"@executable_path/Frameworks",
				);
				PRODUCT_BUNDLE_IDENTIFIER = com.maximshevtsov.EasyDo;
				PRODUCT_NAME = "$(TARGET_NAME)";
				SWIFT_VERSION = 5.0;
				TARGETED_DEVICE_FAMILY = "1,2";
			};
			name = Debug;
		};
		386F83FF275AAD47004DC280 /* Release */ = {
			isa = XCBuildConfiguration;
			buildSettings = {
				ASSETCATALOG_COMPILER_APPICON_NAME = AppIcon;
				ASSETCATALOG_COMPILER_GLOBAL_ACCENT_COLOR_NAME = AccentColor;
				ASSETCATALOG_COMPILER_INCLUDE_ALL_APPICON_ASSETS = YES;
				CODE_SIGN_STYLE = Automatic;
				DEVELOPMENT_TEAM = WSCHZVTX6D;
				INFOPLIST_FILE = EasyDo/Info.plist;
				IPHONEOS_DEPLOYMENT_TARGET = 14.2;
				LD_RUNPATH_SEARCH_PATHS = (
					"$(inherited)",
					"@executable_path/Frameworks",
				);
				PRODUCT_BUNDLE_IDENTIFIER = com.maximshevtsov.EasyDo;
				PRODUCT_NAME = "$(TARGET_NAME)";
				SWIFT_VERSION = 5.0;
				TARGETED_DEVICE_FAMILY = "1,2";
			};
			name = Release;
		};
/* End XCBuildConfiguration section */

/* Begin XCConfigurationList section */
		386F83E1275AAD45004DC280 /* Build configuration list for PBXProject "EasyDo" */ = {
			isa = XCConfigurationList;
			buildConfigurations = (
				386F83FB275AAD47004DC280 /* Debug */,
				386F83FC275AAD47004DC280 /* Release */,
			);
			defaultConfigurationIsVisible = 0;
			defaultConfigurationName = Release;
		};
		386F83FD275AAD47004DC280 /* Build configuration list for PBXNativeTarget "EasyDo" */ = {
			isa = XCConfigurationList;
			buildConfigurations = (
				386F83FE275AAD47004DC280 /* Debug */,
				386F83FF275AAD47004DC280 /* Release */,
			);
			defaultConfigurationIsVisible = 0;
			defaultConfigurationName = Release;
		};
/* End XCConfigurationList section */

/* Begin XCVersionGroup section */
		386F83F2275AAD45004DC280 /* EasyDo.xcdatamodeld */ = {
			isa = XCVersionGroup;
			children = (
				380759362785A8E500A1AEE6 /* EasyDo v10.xcdatamodel */,
				380759352785A81700A1AEE6 /* EasyDo v9.xcdatamodel */,
				380759282785A6F600A1AEE6 /* EasyDo v8.xcdatamodel */,
				380759232785A65600A1AEE6 /* EasyDo v7.xcdatamodel */,
				381CAAD127820BBE00E8AB00 /* EasyDo v6.xcdatamodel */,
				381CAAD027820A3B00E8AB00 /* EasyDo v5.xcdatamodel */,
				381CAACF27820A1C00E8AB00 /* EasyDo v4.xcdatamodel */,
				381CAABE278206F500E8AB00 /* EasyDo v3.xcdatamodel */,
				381CAAB52781F48D00E8AB00 /* EasyDo v2.xcdatamodel */,
				386F83F3275AAD45004DC280 /* EasyDo.xcdatamodel */,
			);
			currentVersion = 380759362785A8E500A1AEE6 /* EasyDo v10.xcdatamodel */;
			path = EasyDo.xcdatamodeld;
			sourceTree = "<group>";
			versionGroupType = wrapper.xcdatamodel;
		};
/* End XCVersionGroup section */
	};
	rootObject = 386F83DE275AAD45004DC280 /* Project object */;
}
